Microsoft Visual Studio Solution File, Format Version 11.00
# Visual Studio 2008

Project("{9CAA376B-183B-9993-F0A9-6DAED982E516}") = "PushyCubeFinal", "Assembly-CSharp-firstpass.csproj", "{2331A5B5-633B-3880-BA97-03593922B391}"
EndProject
Project("{9CAA376B-183B-9993-F0A9-6DAED982E516}") = "PushyCubeFinal", "Assembly-CSharp.csproj", "{653EE5F9-E726-067C-1E01-27AF54A6EA14}"
EndProject
Project("{9CAA376B-183B-9993-F0A9-6DAED982E516}") = "PushyCubeFinal", "Assembly-UnityScript-firstpass.unityproj", "{E1AD9F5B-F68F-9481-2744-C53C93BDCA51}"
EndProject
Project("{9CAA376B-183B-9993-F0A9-6DAED982E516}") = "PushyCubeFinal", "Assembly-UnityScript.unityproj", "{383B097B-1BAD-0970-1328-0F65620CC616}"
EndProject
Project("{9CAA376B-183B-9993-F0A9-6DAED982E516}") = "PushyCubeFinal", "Assembly-UnityScript-Editor.unityproj", "{5DAF2D40-9DDD-13F9-D6BB-41733C53D501}"
EndProject
Global
	GlobalSection(SolutionConfigurationPlatforms) = preSolution
		Debug|Any CPU = Debug|Any CPU
		Release|Any CPU = Release|Any CPU
	EndGlobalSection
	GlobalSection(ProjectConfigurationPlatforms) = postSolution
		{2331A5B5-633B-3880-BA97-03593922B391}.Debug|Any CPU.ActiveCfg = Debug|Any CPU
		{2331A5B5-633B-3880-BA97-03593922B391}.Debug|Any CPU.Build.0 = Debug|Any CPU
		{2331A5B5-633B-3880-BA97-03593922B391}.Release|Any CPU.ActiveCfg = Release|Any CPU
		{2331A5B5-633B-3880-BA97-03593922B391}.Release|Any CPU.Build.0 = Release|Any CPU
		{653EE5F9-E726-067C-1E01-27AF54A6EA14}.Debug|Any CPU.ActiveCfg = Debug|Any CPU
		{653EE5F9-E726-067C-1E01-27AF54A6EA14}.Debug|Any CPU.Build.0 = Debug|Any CPU
		{653EE5F9-E726-067C-1E01-27AF54A6EA14}.Release|Any CPU.ActiveCfg = Release|Any CPU
		{653EE5F9-E726-067C-1E01-27AF54A6EA14}.Release|Any CPU.Build.0 = Release|Any CPU
		{E1AD9F5B-F68F-9481-2744-C53C93BDCA51}.Debug|Any CPU.ActiveCfg = Debug|Any CPU
		{E1AD9F5B-F68F-9481-2744-C53C93BDCA51}.Debug|Any CPU.Build.0 = Debug|Any CPU
		{E1AD9F5B-F68F-9481-2744-C53C93BDCA51}.Release|Any CPU.ActiveCfg = Release|Any CPU
		{E1AD9F5B-F68F-9481-2744-C53C93BDCA51}.Release|Any CPU.Build.0 = Release|Any CPU
		{383B097B-1BAD-0970-1328-0F65620CC616}.Debug|Any CPU.ActiveCfg = Debug|Any CPU
		{383B097B-1BAD-0970-1328-0F65620CC616}.Debug|Any CPU.Build.0 = Debug|Any CPU
		{383B097B-1BAD-0970-1328-0F65620CC616}.Release|Any CPU.ActiveCfg = Release|Any CPU
		{383B097B-1BAD-0970-1328-0F65620CC616}.Release|Any CPU.Build.0 = Release|Any CPU
		{5DAF2D40-9DDD-13F9-D6BB-41733C53D501}.Debug|Any CPU.ActiveCfg = Debug|Any CPU
		{5DAF2D40-9DDD-13F9-D6BB-41733C53D501}.Debug|Any CPU.Build.0 = Debug|Any CPU
		{5DAF2D40-9DDD-13F9-D6BB-41733C53D501}.Release|Any CPU.ActiveCfg = Release|Any CPU
		{5DAF2D40-9DDD-13F9-D6BB-41733C53D501}.Release|Any CPU.Build.0 = Release|Any CPU
	EndGlobalSection
	GlobalSection(SolutionProperties) = preSolution
		HideSolutionNode = FALSE
	EndGlobalSection
														GlobalSection(MonoDevelopProperties) = preSolution
		StartupItem = Assembly-CSharp.csproj
		Policies = $0
		$0.TextStylePolicy = $1
		$1.inheritsSet = null
		$1.scope = text/x-csharp
		$0.CSharpFormattingPolicy = $2
		$2.inheritsSet = Mono
		$2.inheritsScope = text/x-csharp
		$2.scope = text/x-csharp
		$0.TextStylePolicy = $3
		$3.FileWidth = 120
		$3.TabWidth = 4
		$3.EolMarker = Unix
		$3.inheritsSet = Mono
		$3.inheritsScope = text/plain
		$3.scope = text/plain
	EndGlobalSection

EndGlobal
